
Microsoft Visual Studio Solution File, Format Version 12.00
# Visual Studio Version 16
VisualStudioVersion = 16.0.32106.194
MinimumVisualStudioVersion = 10.0.40219.1
Project("{FAE04EC0-301F-11D3-BF4B-00C04F79EFBC}") = "CheckProcService", "CheckProcService.csproj", "{B05E6DFD-C0B5-4881-A68E-154F2A1923D4}"
EndProject
Project("{FAE04EC0-301F-11D3-BF4B-00C04F79EFBC}") = "TFGet", "..\TFGet\TFGet.csproj", "{2C969334-C64D-49FF-A789-C9BEBF5E92F4}"
EndProject
Global
	GlobalSection(SolutionConfigurationPlatforms) = preSolution
		Debug|Any CPU = Debug|Any CPU
		Release|Any CPU = Release|Any CPU
	EndGlobalSection
	GlobalSection(ProjectConfigurationPlatforms) = postSolution
		{B05E6DFD-C0B5-4881-A68E-154F2A1923D4}.Debug|Any CPU.ActiveCfg = Debug|Any CPU
		{B05E6DFD-C0B5-4881-A68E-154F2A1923D4}.Debug|Any CPU.Build.0 = Debug|Any CPU
		{B05E6DFD-C0B5-4881-A68E-154F2A1923D4}.Release|Any CPU.ActiveCfg = Release|Any CPU
		{B05E6DFD-C0B5-4881-A68E-154F2A1923D4}.Release|Any CPU.Build.0 = Release|Any CPU
		{2C969334-C64D-49FF-A789-C9BEBF5E92F4}.Debug|Any CPU.ActiveCfg = Debug|Any CPU
		{2C969334-C64D-49FF-A789-C9BEBF5E92F4}.Debug|Any CPU.Build.0 = Debug|Any CPU
		{2C969334-C64D-49FF-A789-C9BEBF5E92F4}.Release|Any CPU.ActiveCfg = Release|Any CPU
		{2C969334-C64D-49FF-A789-C9BEBF5E92F4}.Release|Any CPU.Build.0 = Release|Any CPU
	EndGlobalSection
	GlobalSection(SolutionProperties) = preSolution
		HideSolutionNode = FALSE
	EndGlobalSection
	GlobalSection(ExtensibilityGlobals) = postSolution
		SolutionGuid = {3B19476D-52A1-4A29-BA30-69273DB4EC5A}
	EndGlobalSection
EndGlobal
